
Microsoft Visual Studio Solution File, Format Version 12.00
# Visual Studio Version 16
VisualStudioVersion = 16.0.29519.87
MinimumVisualStudioVersion = 10.0.40219.1
Project("{9A19103F-16F7-4668-BE54-9A1E7A4F7556}") = "HackerNewsScraperTest.Console", "src\HackerNewsScraperTest.Console\HackerNewsScraperTest.Console.csproj", "{0965B964-84D4-41E3-8DA6-1690FCE5E189}"
EndProject
Project("{FAE04EC0-301F-11D3-BF4B-00C04F79EFBC}") = "HackerNewsScraperTest", "src\HackerNewsScraperTest\HackerNewsScraperTest.csproj", "{AFDAA871-0522-494B-B492-C682845F1D60}"
EndProject
Project("{FAE04EC0-301F-11D3-BF4B-00C04F79EFBC}") = "HackerNewsScraperTest.Test", "src\HackerNewsScraperTest.Test\HackerNewsScraperTest.Test.csproj", "{5262674E-C24C-4B98-9797-E2BB8F6A04CB}"
EndProject
Global
	GlobalSection(SolutionConfigurationPlatforms) = preSolution
		Debug|Any CPU = Debug|Any CPU
		Release|Any CPU = Release|Any CPU
	EndGlobalSection
	GlobalSection(ProjectConfigurationPlatforms) = postSolution
		{0965B964-84D4-41E3-8DA6-1690FCE5E189}.Debug|Any CPU.ActiveCfg = Debug|Any CPU
		{0965B964-84D4-41E3-8DA6-1690FCE5E189}.Debug|Any CPU.Build.0 = Debug|Any CPU
		{0965B964-84D4-41E3-8DA6-1690FCE5E189}.Release|Any CPU.ActiveCfg = Release|Any CPU
		{0965B964-84D4-41E3-8DA6-1690FCE5E189}.Release|Any CPU.Build.0 = Release|Any CPU
		{AFDAA871-0522-494B-B492-C682845F1D60}.Debug|Any CPU.ActiveCfg = Debug|Any CPU
		{AFDAA871-0522-494B-B492-C682845F1D60}.Debug|Any CPU.Build.0 = Debug|Any CPU
		{AFDAA871-0522-494B-B492-C682845F1D60}.Release|Any CPU.ActiveCfg = Release|Any CPU
		{AFDAA871-0522-494B-B492-C682845F1D60}.Release|Any CPU.Build.0 = Release|Any CPU
		{5262674E-C24C-4B98-9797-E2BB8F6A04CB}.Debug|Any CPU.ActiveCfg = Debug|Any CPU
		{5262674E-C24C-4B98-9797-E2BB8F6A04CB}.Debug|Any CPU.Build.0 = Debug|Any CPU
		{5262674E-C24C-4B98-9797-E2BB8F6A04CB}.Release|Any CPU.ActiveCfg = Release|Any CPU
		{5262674E-C24C-4B98-9797-E2BB8F6A04CB}.Release|Any CPU.Build.0 = Release|Any CPU
	EndGlobalSection
	GlobalSection(SolutionProperties) = preSolution
		HideSolutionNode = FALSE
	EndGlobalSection
	GlobalSection(ExtensibilityGlobals) = postSolution
		SolutionGuid = {DB05517C-2D18-4093-9D9E-777047AF83A2}
	EndGlobalSection
EndGlobal
